
Microsoft Visual Studio Solution File, Format Version 12.00
# Visual Studio Version 16
VisualStudioVersion = 16.0.29926.136
MinimumVisualStudioVersion = 10.0.40219.1
Project("{FAE04EC0-301F-11D3-BF4B-00C04F79EFBC}") = "MyCalculator.UWP", "MyCalculator\MyCalculator.UWP\MyCalculator.UWP.csproj", "{6DE08832-6C98-48F7-9BBC-4795E20F7937}"
EndProject
Project("{FAE04EC0-301F-11D3-BF4B-00C04F79EFBC}") = "MyCalculator.Android", "MyCalculator\MyCalculator.Android\MyCalculator.Android.csproj", "{6F63EBAC-5985-45D6-862F-424FEE70C2EF}"
EndProject
Project("{FAE04EC0-301F-11D3-BF4B-00C04F79EFBC}") = "MyCalculator.iOS", "MyCalculator\MyCalculator.iOS\MyCalculator.iOS.csproj", "{1D459C38-B64A-4614-B15E-80E4460E4C74}"
EndProject
Project("{FAE04EC0-301F-11D3-BF4B-00C04F79EFBC}") = "MyCalculator", "MyCalculator\MyCalculator\MyCalculator.csproj", "{81832447-7DE8-4C3F-B474-8B54EE1B946C}"
EndProject
Global
	GlobalSection(SolutionConfigurationPlatforms) = preSolution
		Debug|Any CPU = Debug|Any CPU
		Debug|ARM = Debug|ARM
		Debug|iPhone = Debug|iPhone
		Debug|iPhoneSimulator = Debug|iPhoneSimulator
		Debug|x64 = Debug|x64
		Debug|x86 = Debug|x86
		Release|Any CPU = Release|Any CPU
		Release|ARM = Release|ARM
		Release|iPhone = Release|iPhone
		Release|iPhoneSimulator = Release|iPhoneSimulator
		Release|x64 = Release|x64
		Release|x86 = Release|x86
	EndGlobalSection
	GlobalSection(ProjectConfigurationPlatforms) = postSolution
		{6DE08832-6C98-48F7-9BBC-4795E20F7937}.Debug|Any CPU.ActiveCfg = Debug|x86
		{6DE08832-6C98-48F7-9BBC-4795E20F7937}.Debug|Any CPU.Build.0 = Debug|x86
		{6DE08832-6C98-48F7-9BBC-4795E20F7937}.Debug|Any CPU.Deploy.0 = Debug|x86
		{6DE08832-6C98-48F7-9BBC-4795E20F7937}.Debug|ARM.ActiveCfg = Debug|ARM
		{6DE08832-6C98-48F7-9BBC-4795E20F7937}.Debug|ARM.Build.0 = Debug|ARM
		{6DE08832-6C98-48F7-9BBC-4795E20F7937}.Debug|ARM.Deploy.0 = Debug|ARM
		{6DE08832-6C98-48F7-9BBC-4795E20F7937}.Debug|iPhone.ActiveCfg = Debug|x86
		{6DE08832-6C98-48F7-9BBC-4795E20F7937}.Debug|iPhone.Build.0 = Debug|x86
		{6DE08832-6C98-48F7-9BBC-4795E20F7937}.Debug|iPhone.Deploy.0 = Debug|x86
		{6DE08832-6C98-48F7-9BBC-4795E20F7937}.Debug|iPhoneSimulator.ActiveCfg = Debug|x86
		{6DE08832-6C98-48F7-9BBC-4795E20F7937}.Debug|iPhoneSimulator.Build.0 = Debug|x86
		{6DE08832-6C98-48F7-9BBC-4795E20F7937}.Debug|iPhoneSimulator.Deploy.0 = Debug|x86
		{6DE08832-6C98-48F7-9BBC-4795E20F7937}.Debug|x64.ActiveCfg = Debug|x64
		{6DE08832-6C98-48F7-9BBC-4795E20F7937}.Debug|x64.Build.0 = Debug|x64
		{6DE08832-6C98-48F7-9BBC-4795E20F7937}.Debug|x64.Deploy.0 = Debug|x64
		{6DE08832-6C98-48F7-9BBC-4795E20F7937}.Debug|x86.ActiveCfg = Debug|x86
		{6DE08832-6C98-48F7-9BBC-4795E20F7937}.Debug|x86.Build.0 = Debug|x86
		{6DE08832-6C98-48F7-9BBC-4795E20F7937}.Debug|x86.Deploy.0 = Debug|x86
		{6DE08832-6C98-48F7-9BBC-4795E20F7937}.Release|Any CPU.ActiveCfg = Release|x86
		{6DE08832-6C98-48F7-9BBC-4795E20F7937}.Release|Any CPU.Build.0 = Release|x86
		{6DE08832-6C98-48F7-9BBC-4795E20F7937}.Release|Any CPU.Deploy.0 = Release|x86
		{6DE08832-6C98-48F7-9BBC-4795E20F7937}.Release|ARM.ActiveCfg = Release|ARM
		{6DE08832-6C98-48F7-9BBC-4795E20F7937}.Release|ARM.Build.0 = Release|ARM
		{6DE08832-6C98-48F7-9BBC-4795E20F7937}.Release|ARM.Deploy.0 = Release|ARM
		{6DE08832-6C98-48F7-9BBC-4795E20F7937}.Release|iPhone.ActiveCfg = Release|x86
		{6DE08832-6C98-48F7-9BBC-4795E20F7937}.Release|iPhone.Build.0 = Release|x86
		{6DE08832-6C98-48F7-9BBC-4795E20F7937}.Release|iPhone.Deploy.0 = Release|x86
		{6DE08832-6C98-48F7-9BBC-4795E20F7937}.Release|iPhoneSimulator.ActiveCfg = Release|x86
		{6DE08832-6C98-48F7-9BBC-4795E20F7937}.Release|iPhoneSimulator.Build.0 = Release|x86
		{6DE08832-6C98-48F7-9BBC-4795E20F7937}.Release|iPhoneSimulator.Deploy.0 = Release|x86
		{6DE08832-6C98-48F7-9BBC-4795E20F7937}.Release|x64.ActiveCfg = Release|x64
		{6DE08832-6C98-48F7-9BBC-4795E20F7937}.Release|x64.Build.0 = Release|x64
		{6DE08832-6C98-48F7-9BBC-4795E20F7937}.Release|x64.Deploy.0 = Release|x64
		{6DE08832-6C98-48F7-9BBC-4795E20F7937}.Release|x86.ActiveCfg = Release|x86
		{6DE08832-6C98-48F7-9BBC-4795E20F7937}.Release|x86.Build.0 = Release|x86
		{6DE08832-6C98-48F7-9BBC-4795E20F7937}.Release|x86.Deploy.0 = Release|x86
		{6F63EBAC-5985-45D6-862F-424FEE70C2EF}.Debug|Any CPU.ActiveCfg = Debug|Any CPU
		{6F63EBAC-5985-45D6-862F-424FEE70C2EF}.Debug|Any CPU.Build.0 = Debug|Any CPU
		{6F63EBAC-5985-45D6-862F-424FEE70C2EF}.Debug|Any CPU.Deploy.0 = Debug|Any CPU
		{6F63EBAC-5985-45D6-862F-424FEE70C2EF}.Debug|ARM.ActiveCfg = Debug|Any CPU
		{6F63EBAC-5985-45D6-862F-424FEE70C2EF}.Debug|ARM.Build.0 = Debug|Any CPU
		{6F63EBAC-5985-45D6-862F-424FEE70C2EF}.Debug|ARM.Deploy.0 = Debug|Any CPU
		{6F63EBAC-5985-45D6-862F-424FEE70C2EF}.Debug|iPhone.ActiveCfg = Debug|Any CPU
		{6F63EBAC-5985-45D6-862F-424FEE70C2EF}.Debug|iPhone.Build.0 = Debug|Any CPU
		{6F63EBAC-5985-45D6-862F-424FEE70C2EF}.Debug|iPhone.Deploy.0 = Debug|Any CPU
		{6F63EBAC-5985-45D6-862F-424FEE70C2EF}.Debug|iPhoneSimulator.ActiveCfg = Debug|Any CPU
		{6F63EBAC-5985-45D6-862F-424FEE70C2EF}.Debug|iPhoneSimulator.Build.0 = Debug|Any CPU
		{6F63EBAC-5985-45D6-862F-424FEE70C2EF}.Debug|iPhoneSimulator.Deploy.0 = Debug|Any CPU
		{6F63EBAC-5985-45D6-862F-424FEE70C2EF}.Debug|x64.ActiveCfg = Debug|Any CPU
		{6F63EBAC-5985-45D6-862F-424FEE70C2EF}.Debug|x64.Build.0 = Debug|Any CPU
		{6F63EBAC-5985-45D6-862F-424FEE70C2EF}.Debug|x64.Deploy.0 = Debug|Any CPU
		{6F63EBAC-5985-45D6-862F-424FEE70C2EF}.Debug|x86.ActiveCfg = Debug|Any CPU
		{6F63EBAC-5985-45D6-862F-424FEE70C2EF}.Debug|x86.Build.0 = Debug|Any CPU
		{6F63EBAC-5985-45D6-862F-424FEE70C2EF}.Debug|x86.Deploy.0 = Debug|Any CPU
		{6F63EBAC-5985-45D6-862F-424FEE70C2EF}.Release|Any CPU.ActiveCfg = Release|Any CPU
		{6F63EBAC-5985-45D6-862F-424FEE70C2EF}.Release|Any CPU.Build.0 = Release|Any CPU
		{6F63EBAC-5985-45D6-862F-424FEE70C2EF}.Release|Any CPU.Deploy.0 = Release|Any CPU
		{6F63EBAC-5985-45D6-862F-424FEE70C2EF}.Release|ARM.ActiveCfg = Release|Any CPU
		{6F63EBAC-5985-45D6-862F-424FEE70C2EF}.Release|ARM.Build.0 = Release|Any CPU
		{6F63EBAC-5985-45D6-862F-424FEE70C2EF}.Release|ARM.Deploy.0 = Release|Any CPU
		{6F63EBAC-5985-45D6-862F-424FEE70C2EF}.Release|iPhone.ActiveCfg = Release|Any CPU
		{6F63EBAC-5985-45D6-862F-424FEE70C2EF}.Release|iPhone.Build.0 = Release|Any CPU
		{6F63EBAC-5985-45D6-862F-424FEE70C2EF}.Release|iPhone.Deploy.0 = Release|Any CPU
		{6F63EBAC-5985-45D6-862F-424FEE70C2EF}.Release|iPhoneSimulator.ActiveCfg = Release|Any CPU
		{6F63EBAC-5985-45D6-862F-424FEE70C2EF}.Release|iPhoneSimulator.Build.0 = Release|Any CPU
		{6F63EBAC-5985-45D6-862F-424FEE70C2EF}.Release|iPhoneSimulator.Deploy.0 = Release|Any CPU
		{6F63EBAC-5985-45D6-862F-424FEE70C2EF}.Release|x64.ActiveCfg = Release|Any CPU
		{6F63EBAC-5985-45D6-862F-424FEE70C2EF}.Release|x64.Build.0 = Release|Any CPU
		{6F63EBAC-5985-45D6-862F-424FEE70C2EF}.Release|x64.Deploy.0 = Release|Any CPU
		{6F63EBAC-5985-45D6-862F-424FEE70C2EF}.Release|x86.ActiveCfg = Release|Any CPU
		{6F63EBAC-5985-45D6-862F-424FEE70C2EF}.Release|x86.Build.0 = Release|Any CPU
		{6F63EBAC-5985-45D6-862F-424FEE70C2EF}.Release|x86.Deploy.0 = Release|Any CPU
		{1D459C38-B64A-4614-B15E-80E4460E4C74}.Debug|Any CPU.ActiveCfg = Debug|iPhone
		{1D459C38-B64A-4614-B15E-80E4460E4C74}.Debug|Any CPU.Build.0 = Debug|iPhone
		{1D459C38-B64A-4614-B15E-80E4460E4C74}.Debug|Any CPU.Deploy.0 = Debug|iPhone
		{1D459C38-B64A-4614-B15E-80E4460E4C74}.Debug|ARM.ActiveCfg = Debug|iPhone
		{1D459C38-B64A-4614-B15E-80E4460E4C74}.Debug|ARM.Build.0 = Debug|iPhone
		{1D459C38-B64A-4614-B15E-80E4460E4C74}.Debug|ARM.Deploy.0 = Debug|iPhone
		{1D459C38-B64A-4614-B15E-80E4460E4C74}.Debug|iPhone.ActiveCfg = Debug|iPhone
		{1D459C38-B64A-4614-B15E-80E4460E4C74}.Debug|iPhone.Build.0 = Debug|iPhone
		{1D459C38-B64A-4614-B15E-80E4460E4C74}.Debug|iPhone.Deploy.0 = Debug|iPhone
		{1D459C38-B64A-4614-B15E-80E4460E4C74}.Debug|iPhoneSimulator.ActiveCfg = Debug|iPhoneSimulator
		{1D459C38-B64A-4614-B15E-80E4460E4C74}.Debug|iPhoneSimulator.Build.0 = Debug|iPhoneSimulator
		{1D459C38-B64A-4614-B15E-80E4460E4C74}.Debug|iPhoneSimulator.Deploy.0 = Debug|iPhoneSimulator
		{1D459C38-B64A-4614-B15E-80E4460E4C74}.Debug|x64.ActiveCfg = Debug|iPhone
		{1D459C38-B64A-4614-B15E-80E4460E4C74}.Debug|x64.Build.0 = Debug|iPhone
		{1D459C38-B64A-4614-B15E-80E4460E4C74}.Debug|x64.Deploy.0 = Debug|iPhone
		{1D459C38-B64A-4614-B15E-80E4460E4C74}.Debug|x86.ActiveCfg = Debug|iPhone
		{1D459C38-B64A-4614-B15E-80E4460E4C74}.Debug|x86.Build.0 = Debug|iPhone
		{1D459C38-B64A-4614-B15E-80E4460E4C74}.Debug|x86.Deploy.0 = Debug|iPhone
		{1D459C38-B64A-4614-B15E-80E4460E4C74}.Release|Any CPU.ActiveCfg = Release|iPhone
		{1D459C38-B64A-4614-B15E-80E4460E4C74}.Release|Any CPU.Build.0 = Release|iPhone
		{1D459C38-B64A-4614-B15E-80E4460E4C74}.Release|Any CPU.Deploy.0 = Release|iPhone
		{1D459C38-B64A-4614-B15E-80E4460E4C74}.Release|ARM.ActiveCfg = Release|iPhone
		{1D459C38-B64A-4614-B15E-80E4460E4C74}.Release|ARM.Build.0 = Release|iPhone
		{1D459C38-B64A-4614-B15E-80E4460E4C74}.Release|ARM.Deploy.0 = Release|iPhone
		{1D459C38-B64A-4614-B15E-80E4460E4C74}.Release|iPhone.ActiveCfg = Release|iPhone
		{1D459C38-B64A-4614-B15E-80E4460E4C74}.Release|iPhone.Build.0 = Release|iPhone
		{1D459C38-B64A-4614-B15E-80E4460E4C74}.Release|iPhone.Deploy.0 = Release|iPhone
		{1D459C38-B64A-4614-B15E-80E4460E4C74}.Release|iPhoneSimulator.ActiveCfg = Release|iPhoneSimulator
		{1D459C38-B64A-4614-B15E-80E4460E4C74}.Release|iPhoneSimulator.Build.0 = Release|iPhoneSimulator
		{1D459C38-B64A-4614-B15E-80E4460E4C74}.Release|iPhoneSimulator.Deploy.0 = Release|iPhoneSimulator
		{1D459C38-B64A-4614-B15E-80E4460E4C74}.Release|x64.ActiveCfg = Release|iPhone
		{1D459C38-B64A-4614-B15E-80E4460E4C74}.Release|x64.Build.0 = Release|iPhone
		{1D459C38-B64A-4614-B15E-80E4460E4C74}.Release|x64.Deploy.0 = Release|iPhone
		{1D459C38-B64A-4614-B15E-80E4460E4C74}.Release|x86.ActiveCfg = Release|iPhone
		{1D459C38-B64A-4614-B15E-80E4460E4C74}.Release|x86.Build.0 = Release|iPhone
		{1D459C38-B64A-4614-B15E-80E4460E4C74}.Release|x86.Deploy.0 = Release|iPhone
		{81832447-7DE8-4C3F-B474-8B54EE1B946C}.Debug|Any CPU.ActiveCfg = Debug|Any CPU
		{81832447-7DE8-4C3F-B474-8B54EE1B946C}.Debug|Any CPU.Build.0 = Debug|Any CPU
		{81832447-7DE8-4C3F-B474-8B54EE1B946C}.Debug|Any CPU.Deploy.0 = Debug|Any CPU
		{81832447-7DE8-4C3F-B474-8B54EE1B946C}.Debug|ARM.ActiveCfg = Debug|Any CPU
		{81832447-7DE8-4C3F-B474-8B54EE1B946C}.Debug|ARM.Build.0 = Debug|Any CPU
		{81832447-7DE8-4C3F-B474-8B54EE1B946C}.Debug|ARM.Deploy.0 = Debug|Any CPU
		{81832447-7DE8-4C3F-B474-8B54EE1B946C}.Debug|iPhone.ActiveCfg = Debug|Any CPU
		{81832447-7DE8-4C3F-B474-8B54EE1B946C}.Debug|iPhone.Build.0 = Debug|Any CPU
		{81832447-7DE8-4C3F-B474-8B54EE1B946C}.Debug|iPhone.Deploy.0 = Debug|Any CPU
		{81832447-7DE8-4C3F-B474-8B54EE1B946C}.Debug|iPhoneSimulator.ActiveCfg = Debug|Any CPU
		{81832447-7DE8-4C3F-B474-8B54EE1B946C}.Debug|iPhoneSimulator.Build.0 = Debug|Any CPU
		{81832447-7DE8-4C3F-B474-8B54EE1B946C}.Debug|iPhoneSimulator.Deploy.0 = Debug|Any CPU
		{81832447-7DE8-4C3F-B474-8B54EE1B946C}.Debug|x64.ActiveCfg = Debug|Any CPU
		{81832447-7DE8-4C3F-B474-8B54EE1B946C}.Debug|x64.Build.0 = Debug|Any CPU
		{81832447-7DE8-4C3F-B474-8B54EE1B946C}.Debug|x64.Deploy.0 = Debug|Any CPU
		{81832447-7DE8-4C3F-B474-8B54EE1B946C}.Debug|x86.ActiveCfg = Debug|Any CPU
		{81832447-7DE8-4C3F-B474-8B54EE1B946C}.Debug|x86.Build.0 = Debug|Any CPU
		{81832447-7DE8-4C3F-B474-8B54EE1B946C}.Debug|x86.Deploy.0 = Debug|Any CPU
		{81832447-7DE8-4C3F-B474-8B54EE1B946C}.Release|Any CPU.ActiveCfg = Release|Any CPU
		{81832447-7DE8-4C3F-B474-8B54EE1B946C}.Release|Any CPU.Build.0 = Release|Any CPU
		{81832447-7DE8-4C3F-B474-8B54EE1B946C}.Release|Any CPU.Deploy.0 = Release|Any CPU
		{81832447-7DE8-4C3F-B474-8B54EE1B946C}.Release|ARM.ActiveCfg = Release|Any CPU
		{81832447-7DE8-4C3F-B474-8B54EE1B946C}.Release|ARM.Build.0 = Release|Any CPU
		{81832447-7DE8-4C3F-B474-8B54EE1B946C}.Release|ARM.Deploy.0 = Release|Any CPU
		{81832447-7DE8-4C3F-B474-8B54EE1B946C}.Release|iPhone.ActiveCfg = Release|Any CPU
		{81832447-7DE8-4C3F-B474-8B54EE1B946C}.Release|iPhone.Build.0 = Release|Any CPU
		{81832447-7DE8-4C3F-B474-8B54EE1B946C}.Release|iPhone.Deploy.0 = Release|Any CPU
		{81832447-7DE8-4C3F-B474-8B54EE1B946C}.Release|iPhoneSimulator.ActiveCfg = Release|Any CPU
		{81832447-7DE8-4C3F-B474-8B54EE1B946C}.Release|iPhoneSimulator.Build.0 = Release|Any CPU
		{81832447-7DE8-4C3F-B474-8B54EE1B946C}.Release|iPhoneSimulator.Deploy.0 = Release|Any CPU
		{81832447-7DE8-4C3F-B474-8B54EE1B946C}.Release|x64.ActiveCfg = Release|Any CPU
		{81832447-7DE8-4C3F-B474-8B54EE1B946C}.Release|x64.Build.0 = Release|Any CPU
		{81832447-7DE8-4C3F-B474-8B54EE1B946C}.Release|x64.Deploy.0 = Release|Any CPU
		{81832447-7DE8-4C3F-B474-8B54EE1B946C}.Release|x86.ActiveCfg = Release|Any CPU
		{81832447-7DE8-4C3F-B474-8B54EE1B946C}.Release|x86.Build.0 = Release|Any CPU
		{81832447-7DE8-4C3F-B474-8B54EE1B946C}.Release|x86.Deploy.0 = Release|Any CPU
	EndGlobalSection
	GlobalSection(SolutionProperties) = preSolution
		HideSolutionNode = FALSE
	EndGlobalSection
	GlobalSection(ExtensibilityGlobals) = postSolution
		SolutionGuid = {0C48A805-3D1A-42D8-B8E7-F1694BF726E3}
	EndGlobalSection
EndGlobal
